{
  "name": "worker",
  "version": "1.0.0",
  "lockfileVersion": 2,
  "requires": true,
  "packages": {
    "": {
      "name": "worker",
      "version": "1.0.0",
      "license": "MIT",
      "dependencies": {
        "@cloudflare/workers-honeycomb-logger": "^2.1.0"
      },
      "devDependencies": {
        "prettier": "^1.18.2"
      }
    },
    "node_modules/@cloudflare/workers-honeycomb-logger": {
      "version": "2.1.0",
      "resolved": "https://registry.npmjs.org/@cloudflare/workers-honeycomb-logger/-/workers-honeycomb-logger-2.1.0.tgz",
      "integrity": "sha512-jHUfGa/vcgbKMi0k+RxKNfXMlt28W8fQ3t35kfbBdBcTEtUWHKpjLI0wVu4MKAKEJm4X9gwct1pmtS4D/RMP+A==",
      "dependencies": {
        "@cloudflare/workers-types": "^3.2.0",
        "@types/uuid": "^8.3.0",
        "dotenv": "^9.0.2",
        "uuid": "^8.3.2"
      }
    },
    "node_modules/@cloudflare/workers-types": {
      "version": "3.13.0",
      "resolved": "https://registry.npmjs.org/@cloudflare/workers-types/-/workers-types-3.13.0.tgz",
      "integrity": "sha512-oyhzfYlWBLgd9odJ/WHcsD/8B+IaAjSD+OcPEGLzX5kGRONjwcW3NY0WQfsVIhQzZ6AbPzjwkmj4D2VFwU1xRQ=="
    },
    "node_modules/@types/uuid": {
      "version": "8.3.4",
      "resolved": "https://registry.npmjs.org/@types/uuid/-/uuid-8.3.4.tgz",
      "integrity": "sha512-c/I8ZRb51j+pYGAu5CrFMRxqZ2ke4y2grEBO5AUjgSkSk+qT2Ea+OdWElz/OiMf5MNpn2b17kuVBwZLQJXzihw=="
    },
    "node_modules/dotenv": {
      "version": "9.0.2",
      "resolved": "https://registry.npmjs.org/dotenv/-/dotenv-9.0.2.tgz",
      "integrity": "sha512-I9OvvrHp4pIARv4+x9iuewrWycX6CcZtoAu1XrzPxc5UygMJXJZYmBsynku8IkrJwgypE5DGNjDPmPRhDCptUg==",
      "engines": {
        "node": ">=10"
      }
    },
    "node_modules/prettier": {
      "version": "1.19.1",
      "resolved": "https://registry.npmjs.org/prettier/-/prettier-1.19.1.tgz",
      "integrity": "sha512-s7PoyDv/II1ObgQunCbB9PdLmUcBZcnWOcxDh7O0N/UwDEsHyqkW+Qh28jW+mVuCdx7gLB0BotYI1Y6uI9iyew==",
      "dev": true,
      "bin": {
        "prettier": "bin-prettier.js"
      },
      "engines": {
        "node": ">=4"
      }
    },
    "node_modules/uuid": {
      "version": "8.3.2",
      "resolved": "https://registry.npmjs.org/uuid/-/uuid-8.3.2.tgz",
      "integrity": "sha512-+NYs2QeMWy+GWFOEm9xnn6HCDp0l7QBD7ml8zLUmJ+93Q5NF0NocErnwkTkXVFNiX3/fpC6afS8Dhb/gz7R7eg==",
      "bin": {
        "uuid": "dist/bin/uuid"
      }
    }
  },
  "dependencies": {
    "@cloudflare/workers-honeycomb-logger": {
      "version": "2.1.0",
      "resolved": "https://registry.npmjs.org/@cloudflare/workers-honeycomb-logger/-/workers-honeycomb-logger-2.1.0.tgz",
      "integrity": "sha512-jHUfGa/vcgbKMi0k+RxKNfXMlt28W8fQ3t35kfbBdBcTEtUWHKpjLI0wVu4MKAKEJm4X9gwct1pmtS4D/RMP+A==",
      "requires": {
        "@cloudflare/workers-types": "^3.2.0",
        "@types/uuid": "^8.3.0",
        "dotenv": "^9.0.2",
        "uuid": "^8.3.2"
      }
    },
    "@cloudflare/workers-types": {
      "version": "3.13.0",
      "resolved": "https://registry.npmjs.org/@cloudflare/workers-types/-/workers-types-3.13.0.tgz",
      "integrity": "sha512-oyhzfYlWBLgd9odJ/WHcsD/8B+IaAjSD+OcPEGLzX5kGRONjwcW3NY0WQfsVIhQzZ6AbPzjwkmj4D2VFwU1xRQ=="
    },
    "@types/uuid": {
      "version": "8.3.4",
      "resolved": "https://registry.npmjs.org/@types/uuid/-/uuid-8.3.4.tgz",
      "integrity": "sha512-c/I8ZRb51j+pYGAu5CrFMRxqZ2ke4y2grEBO5AUjgSkSk+qT2Ea+OdWElz/OiMf5MNpn2b17kuVBwZLQJXzihw=="
    },
    "dotenv": {
      "version": "9.0.2",
      "resolved": "https://registry.npmjs.org/dotenv/-/dotenv-9.0.2.tgz",
      "integrity": "sha512-I9OvvrHp4pIARv4+x9iuewrWycX6CcZtoAu1XrzPxc5UygMJXJZYmBsynku8IkrJwgypE5DGNjDPmPRhDCptUg=="
    },
    "prettier": {
      "version": "1.19.1",
      "resolved": "https://registry.npmjs.org/prettier/-/prettier-1.19.1.tgz",
      "integrity": "sha512-s7PoyDv/II1ObgQunCbB9PdLmUcBZcnWOcxDh7O0N/UwDEsHyqkW+Qh28jW+mVuCdx7gLB0BotYI1Y6uI9iyew==",
      "dev": true
    },
    "uuid": {
      "version": "8.3.2",
      "resolved": "https://registry.npmjs.org/uuid/-/uuid-8.3.2.tgz",
      "integrity": "sha512-+NYs2QeMWy+GWFOEm9xnn6HCDp0l7QBD7ml8zLUmJ+93Q5NF0NocErnwkTkXVFNiX3/fpC6afS8Dhb/gz7R7eg=="
    }
  }
}
